
Microsoft Visual Studio Solution File, Format Version 12.00
# Visual Studio Version 17
VisualStudioVersion = 17.9.34714.143
MinimumVisualStudioVersion = 10.0.40219.1
Project("{FAE04EC0-301F-11D3-BF4B-00C04F79EFBC}") = "App2ESTA.Android", "App2ESTA.Android\App2ESTA.Android.csproj", "{525FA39F-BF84-4C0F-A442-F81CDED93BA1}"
EndProject
Project("{FAE04EC0-301F-11D3-BF4B-00C04F79EFBC}") = "App2ESTA.iOS", "App2ESTA.iOS\App2ESTA.iOS.csproj", "{AD67DD7C-064B-46B3-9B04-89A3519D29E6}"
EndProject
Project("{FAE04EC0-301F-11D3-BF4B-00C04F79EFBC}") = "App2ESTA", "App2ESTA\App2ESTA.csproj", "{E4427297-8DCD-4745-A35D-93078C721664}"
EndProject
Global
	GlobalSection(SolutionConfigurationPlatforms) = preSolution
		Debug|Any CPU = Debug|Any CPU
		Debug|iPhone = Debug|iPhone
		Debug|iPhoneSimulator = Debug|iPhoneSimulator
		Release|Any CPU = Release|Any CPU
		Release|iPhone = Release|iPhone
		Release|iPhoneSimulator = Release|iPhoneSimulator
	EndGlobalSection
	GlobalSection(ProjectConfigurationPlatforms) = postSolution
		{525FA39F-BF84-4C0F-A442-F81CDED93BA1}.Debug|Any CPU.ActiveCfg = Debug|Any CPU
		{525FA39F-BF84-4C0F-A442-F81CDED93BA1}.Debug|Any CPU.Build.0 = Debug|Any CPU
		{525FA39F-BF84-4C0F-A442-F81CDED93BA1}.Debug|Any CPU.Deploy.0 = Debug|Any CPU
		{525FA39F-BF84-4C0F-A442-F81CDED93BA1}.Debug|iPhone.ActiveCfg = Debug|Any CPU
		{525FA39F-BF84-4C0F-A442-F81CDED93BA1}.Debug|iPhone.Build.0 = Debug|Any CPU
		{525FA39F-BF84-4C0F-A442-F81CDED93BA1}.Debug|iPhone.Deploy.0 = Debug|Any CPU
		{525FA39F-BF84-4C0F-A442-F81CDED93BA1}.Debug|iPhoneSimulator.ActiveCfg = Debug|Any CPU
		{525FA39F-BF84-4C0F-A442-F81CDED93BA1}.Debug|iPhoneSimulator.Build.0 = Debug|Any CPU
		{525FA39F-BF84-4C0F-A442-F81CDED93BA1}.Debug|iPhoneSimulator.Deploy.0 = Debug|Any CPU
		{525FA39F-BF84-4C0F-A442-F81CDED93BA1}.Release|Any CPU.ActiveCfg = Release|Any CPU
		{525FA39F-BF84-4C0F-A442-F81CDED93BA1}.Release|Any CPU.Build.0 = Release|Any CPU
		{525FA39F-BF84-4C0F-A442-F81CDED93BA1}.Release|Any CPU.Deploy.0 = Release|Any CPU
		{525FA39F-BF84-4C0F-A442-F81CDED93BA1}.Release|iPhone.ActiveCfg = Release|Any CPU
		{525FA39F-BF84-4C0F-A442-F81CDED93BA1}.Release|iPhone.Build.0 = Release|Any CPU
		{525FA39F-BF84-4C0F-A442-F81CDED93BA1}.Release|iPhone.Deploy.0 = Release|Any CPU
		{525FA39F-BF84-4C0F-A442-F81CDED93BA1}.Release|iPhoneSimulator.ActiveCfg = Release|Any CPU
		{525FA39F-BF84-4C0F-A442-F81CDED93BA1}.Release|iPhoneSimulator.Build.0 = Release|Any CPU
		{525FA39F-BF84-4C0F-A442-F81CDED93BA1}.Release|iPhoneSimulator.Deploy.0 = Release|Any CPU
		{AD67DD7C-064B-46B3-9B04-89A3519D29E6}.Debug|Any CPU.ActiveCfg = Debug|iPhone
		{AD67DD7C-064B-46B3-9B04-89A3519D29E6}.Debug|Any CPU.Build.0 = Debug|iPhone
		{AD67DD7C-064B-46B3-9B04-89A3519D29E6}.Debug|Any CPU.Deploy.0 = Debug|iPhone
		{AD67DD7C-064B-46B3-9B04-89A3519D29E6}.Debug|iPhone.ActiveCfg = Debug|iPhone
		{AD67DD7C-064B-46B3-9B04-89A3519D29E6}.Debug|iPhone.Build.0 = Debug|iPhone
		{AD67DD7C-064B-46B3-9B04-89A3519D29E6}.Debug|iPhone.Deploy.0 = Debug|iPhone
		{AD67DD7C-064B-46B3-9B04-89A3519D29E6}.Debug|iPhoneSimulator.ActiveCfg = Debug|iPhoneSimulator
		{AD67DD7C-064B-46B3-9B04-89A3519D29E6}.Debug|iPhoneSimulator.Build.0 = Debug|iPhoneSimulator
		{AD67DD7C-064B-46B3-9B04-89A3519D29E6}.Debug|iPhoneSimulator.Deploy.0 = Debug|iPhoneSimulator
		{AD67DD7C-064B-46B3-9B04-89A3519D29E6}.Release|Any CPU.ActiveCfg = Release|iPhoneSimulator
		{AD67DD7C-064B-46B3-9B04-89A3519D29E6}.Release|Any CPU.Build.0 = Release|iPhoneSimulator
		{AD67DD7C-064B-46B3-9B04-89A3519D29E6}.Release|Any CPU.Deploy.0 = Release|iPhoneSimulator
		{AD67DD7C-064B-46B3-9B04-89A3519D29E6}.Release|iPhone.ActiveCfg = Release|iPhone
		{AD67DD7C-064B-46B3-9B04-89A3519D29E6}.Release|iPhone.Build.0 = Release|iPhone
		{AD67DD7C-064B-46B3-9B04-89A3519D29E6}.Release|iPhone.Deploy.0 = Release|iPhone
		{AD67DD7C-064B-46B3-9B04-89A3519D29E6}.Release|iPhoneSimulator.ActiveCfg = Release|iPhoneSimulator
		{AD67DD7C-064B-46B3-9B04-89A3519D29E6}.Release|iPhoneSimulator.Build.0 = Release|iPhoneSimulator
		{AD67DD7C-064B-46B3-9B04-89A3519D29E6}.Release|iPhoneSimulator.Deploy.0 = Release|iPhoneSimulator
		{E4427297-8DCD-4745-A35D-93078C721664}.Debug|Any CPU.ActiveCfg = Debug|Any CPU
		{E4427297-8DCD-4745-A35D-93078C721664}.Debug|Any CPU.Build.0 = Debug|Any CPU
		{E4427297-8DCD-4745-A35D-93078C721664}.Debug|Any CPU.Deploy.0 = Debug|Any CPU
		{E4427297-8DCD-4745-A35D-93078C721664}.Debug|iPhone.ActiveCfg = Debug|Any CPU
		{E4427297-8DCD-4745-A35D-93078C721664}.Debug|iPhone.Build.0 = Debug|Any CPU
		{E4427297-8DCD-4745-A35D-93078C721664}.Debug|iPhone.Deploy.0 = Debug|Any CPU
		{E4427297-8DCD-4745-A35D-93078C721664}.Debug|iPhoneSimulator.ActiveCfg = Debug|Any CPU
		{E4427297-8DCD-4745-A35D-93078C721664}.Debug|iPhoneSimulator.Build.0 = Debug|Any CPU
		{E4427297-8DCD-4745-A35D-93078C721664}.Debug|iPhoneSimulator.Deploy.0 = Debug|Any CPU
		{E4427297-8DCD-4745-A35D-93078C721664}.Release|Any CPU.ActiveCfg = Release|Any CPU
		{E4427297-8DCD-4745-A35D-93078C721664}.Release|Any CPU.Build.0 = Release|Any CPU
		{E4427297-8DCD-4745-A35D-93078C721664}.Release|Any CPU.Deploy.0 = Release|Any CPU
		{E4427297-8DCD-4745-A35D-93078C721664}.Release|iPhone.ActiveCfg = Release|Any CPU
		{E4427297-8DCD-4745-A35D-93078C721664}.Release|iPhone.Build.0 = Release|Any CPU
		{E4427297-8DCD-4745-A35D-93078C721664}.Release|iPhone.Deploy.0 = Release|Any CPU
		{E4427297-8DCD-4745-A35D-93078C721664}.Release|iPhoneSimulator.ActiveCfg = Release|Any CPU
		{E4427297-8DCD-4745-A35D-93078C721664}.Release|iPhoneSimulator.Build.0 = Release|Any CPU
		{E4427297-8DCD-4745-A35D-93078C721664}.Release|iPhoneSimulator.Deploy.0 = Release|Any CPU
	EndGlobalSection
	GlobalSection(SolutionProperties) = preSolution
		HideSolutionNode = FALSE
	EndGlobalSection
	GlobalSection(ExtensibilityGlobals) = postSolution
		SolutionGuid = {197EE83D-1DCB-44D1-97AB-C6ECD84EDC65}
	EndGlobalSection
EndGlobal
